{"contract_digest":"sha256:67a3292cfe6e6400bc18718b6a62e8741dec8d6d6b062cb0e4077fc8d9b616f5","policy_files":[{"path":".devcontainer/devcontainer.json","sha256":"sha256:7945704b45a2e2ba421e1b1dacb539a3d899fa8dd6c9a906de9e489ff42a83e2"},{"path":".github/workflows/bootstrap.yml","sha256":"sha256:383d7d5398fa9c7d37ee30293e523917249af00aeee7aff8dbbd93908dc5217e"},{"path":"AGENTS.md","sha256":"sha256:9a1fe3f73ab2963812c35976909c331292e1ca39ce47c0711ec1aafe8b869d87"},{"path":"VERIFICATION.md","sha256":"sha256:705e3d94e772868ab6e298570174ea631424e51dd8a70f029d596638794bd703"},{"path":"prismpm.lock","sha256":"sha256:ca3b25e9d80ac77e7e49101bc4d7c3642d84a39be4d44ec79b879031e27b9633"},{"path":"template-contract.json","sha256":"sha256:67a3292cfe6e6400bc18718b6a62e8741dec8d6d6b062cb0e4077fc8d9b616f5"}],"policy_tree_sha256":"sha256:9c3f65b4194341419a166ca4603f5123271ba2053a6675ef32cab55744e4aaf4","schema":"uor/template-lock/1","sdk_image":"ghcr.io/uor-foundation/prismpm-sdk-candidate@sha256:60226bc791d4c0e5613402a6be7e63f4963d3faf7f327befcf56fc0e41d0ce21","template_repository":"https://github.com/UOR-Foundation/template","template_revision":"a21a5426c290aeac92df1c0b1c63d9701420ae68"}